{
  "name": "subfloders",
  "version": "1.0.0",
  "lockfileVersion": 2,
  "requires": true,
  "packages": {
    "": {
      "name": "subfloders",
      "version": "1.0.0",
      "license": "ISC",
      "dependencies": {
        "rambda": "^7.4.0"
      }
    },
    "node_modules/rambda": {
      "version": "7.4.0",
      "resolved": "https://registry.npmjs.org/rambda/-/rambda-7.4.0.tgz",
      "integrity": "sha512-A9hihu7dUTLOUCM+I8E61V4kRXnN4DwYeK0DwCBydC1MqNI1PidyAtbtpsJlBBzK4icSctEcCQ1bGcLpBuETUQ=="
    }
  },
  "dependencies": {
    "rambda": {
      "version": "7.4.0",
      "resolved": "https://registry.npmjs.org/rambda/-/rambda-7.4.0.tgz",
      "integrity": "sha512-A9hihu7dUTLOUCM+I8E61V4kRXnN4DwYeK0DwCBydC1MqNI1PidyAtbtpsJlBBzK4icSctEcCQ1bGcLpBuETUQ=="
    }
  }
}
